{
  "name": "leslie-formatter",
  "version": "0.0.3",
  "lockfileVersion": 1,
  "requires": true,
  "dependencies": {
    "@angular/common": {
      "version": "6.0.4",
      "resolved": "https://registry.npmjs.org/@angular/common/-/common-6.0.4.tgz",
      "integrity": "sha512-z2UE6a43u49omsqjzwdHhwD+wpCPauuD13FMkVQMLwzugKhNri0LjMk5I0I9xLz9OyXICm2B+wPAQN4d07savg==",
      "requires": {
        "tslib": "1.9.2"
      }
    },
    "@angular/core": {
      "version": "6.0.4",
      "resolved": "https://registry.npmjs.org/@angular/core/-/core-6.0.4.tgz",
      "integrity": "sha512-WCW8wyRoIKkjGjOjVLFpUyhQw/K0//s3W0qo1/vH6m9njC63jP/VP+2Xnt8bdtgeET2NYUeyl+w/0vUXqYlnEA==",
      "requires": {
        "tslib": "1.9.2"
      }
    },
    "@angular/forms": {
      "version": "6.0.4",
      "resolved": "https://registry.npmjs.org/@angular/forms/-/forms-6.0.4.tgz",
      "integrity": "sha512-JcKyCCkAwF3NlWuwPxtpRhFX/8QbFUkA4W0N62L+Odm8G0/P4QhMw/99o5kRs5xrsQRVyFlGvdYOrkgDyyZkGg==",
      "requires": {
        "tslib": "1.9.2"
      }
    },
    "@types/core-js": {
      "version": "0.9.46",
      "resolved": "https://registry.npmjs.org/@types/core-js/-/core-js-0.9.46.tgz",
      "integrity": "sha512-LooLR6XHes9V+kNYRz1Qm8w3atw9QMn7XeZUmIpUelllF9BdryeUKd/u0Wh5ErcjpWfG39NrToU9MF7ngsTFVw==",
      "dev": true
    },
    "rxjs": {
      "version": "6.2.0",
      "resolved": "https://registry.npmjs.org/rxjs/-/rxjs-6.2.0.tgz",
      "integrity": "sha512-qBzf5uu6eOKiCZuAE0SgZ0/Qp+l54oeVxFfC2t+mJ2SFI6IB8gmMdJHs5DUMu5kqifqcCtsKS2XHjhZu6RKvAw==",
      "requires": {
        "tslib": "1.9.2"
      }
    },
    "tslib": {
      "version": "1.9.2",
      "resolved": "https://registry.npmjs.org/tslib/-/tslib-1.9.2.tgz",
      "integrity": "sha512-AVP5Xol3WivEr7hnssHDsaM+lVrVXWUvd1cfXTRkTj80b//6g2wIFEH6hZG0muGZRnHGrfttpdzRk3YlBkWjKw=="
    },
    "typescript": {
      "version": "2.7.2",
      "resolved": "https://registry.npmjs.org/typescript/-/typescript-2.7.2.tgz",
      "integrity": "sha512-p5TCYZDAO0m4G344hD+wx/LATebLWZNkkh2asWUFqSsD2OrDNhbAHuSjobrmsUmdzjJjEeZVU9g1h3O6vpstnw==",
      "dev": true
    }
  }
}
